{
  "lockfileVersion": 1,
  "configVersion": 1,
  "workspaces": {
    "": {
      "name": "laqi-monorepo",
      "devDependencies": {
        "oxfmt": "^0.19.0",
        "oxlint": "^1.34.0",
        "turbo": "^2.6.3",
        "typescript": "catalog:",
        "vitest": "^2.1.0",
      },
    },
    "packages/config": {
      "name": "@laqi/config",
      "version": "2.0.0",
    },
    "packages/core": {
      "name": "@laqi/core",
      "version": "2.0.0",
      "dependencies": {
        "@laqi/schema": "workspace:*",
        "zod": "catalog:",
      },
      "devDependencies": {
        "@types/bun": "catalog:",
      },
    },
    "packages/schema": {
      "name": "@laqi/schema",
      "version": "2.0.0",
      "dependencies": {
        "zod": "catalog:",
      },
    },
    "packages/server": {
      "name": "@laqi/server",
      "version": "2.0.0",
      "dependencies": {
        "@laqi/core": "workspace:*",
        "@laqi/schema": "workspace:*",
        "hono": "catalog:",
      },
    },
  },
  "catalog": {
    "@types/bun": "^1.3.4",
    "hono": "4.12.3",
    "tsdown": "0.18.4",
    "typescript": "5.9.3",
    "zod": "4.3.6",
  },
  "packages": {
    "@esbuild/aix-ppc64": ["@esbuild/aix-ppc64@0.21.5", "", { "os": "aix", "cpu": "ppc64" }, "sha512-1SDgH6ZSPTlggy1yI6+Dbkiz8xzpHJEVAlF/AM1tHPLsf5STom9rwtjE4hKAF20FfXXNTFqEYXyJNWh1GiZedQ=="],

    "@esbuild/android-arm": ["@esbuild/android-arm@0.21.5", "", { "os": "android", "cpu": "arm" }, "sha512-vCPvzSjpPHEi1siZdlvAlsPxXl7WbOVUBBAowWug4rJHb68Ox8KualB+1ocNvT5fjv6wpkX6o/iEpbDrf68zcg=="],

    "@esbuild/android-arm64": ["@esbuild/android-arm64@0.21.5", "", { "os": "android", "cpu": "arm64" }, "sha512-c0uX9VAUBQ7dTDCjq+wdyGLowMdtR/GoC2U5IYk/7D1H1JYC0qseD7+11iMP2mRLN9RcCMRcjC4YMclCzGwS/A=="],

    "@esbuild/android-x64": ["@esbuild/android-x64@0.21.5", "", { "os": "android", "cpu": "x64" }, "sha512-D7aPRUUNHRBwHxzxRvp856rjUHRFW1SdQATKXH2hqA0kAZb1hKmi02OpYRacl0TxIGz/ZmXWlbZgjwWYaCakTA=="],

    "@esbuild/darwin-arm64": ["@esbuild/darwin-arm64@0.21.5", "", { "os": "darwin", "cpu": "arm64" }, "sha512-DwqXqZyuk5AiWWf3UfLiRDJ5EDd49zg6O9wclZ7kUMv2WRFr4HKjXp/5t8JZ11QbQfUS6/cRCKGwYhtNAY88kQ=="],

    "@esbuild/darwin-x64": ["@esbuild/darwin-x64@0.21.5", "", { "os": "darwin", "cpu": "x64" }, "sha512-se/JjF8NlmKVG4kNIuyWMV/22ZaerB+qaSi5MdrXtd6R08kvs2qCN4C09miupktDitvh8jRFflwGFBQcxZRjbw=="],

    "@esbuild/freebsd-arm64": ["@esbuild/freebsd-arm64@0.21.5", "", { "os": "freebsd", "cpu": "arm64" }, "sha512-5JcRxxRDUJLX8JXp/wcBCy3pENnCgBR9bN6JsY4OmhfUtIHe3ZW0mawA7+RDAcMLrMIZaf03NlQiX9DGyB8h4g=="],

    "@esbuild/freebsd-x64": ["@esbuild/freebsd-x64@0.21.5", "", { "os": "freebsd", "cpu": "x64" }, "sha512-J95kNBj1zkbMXtHVH29bBriQygMXqoVQOQYA+ISs0/2l3T9/kj42ow2mpqerRBxDJnmkUDCaQT/dfNXWX/ZZCQ=="],

    "@esbuild/linux-arm": ["@esbuild/linux-arm@0.21.5", "", { "os": "linux", "cpu": "arm" }, "sha512-bPb5AHZtbeNGjCKVZ9UGqGwo8EUu4cLq68E95A53KlxAPRmUyYv2D6F0uUI65XisGOL1hBP5mTronbgo+0bFcA=="],

    "@esbuild/linux-arm64": ["@esbuild/linux-arm64@0.21.5", "", { "os": "linux", "cpu": "arm64" }, "sha512-ibKvmyYzKsBeX8d8I7MH/TMfWDXBF3db4qM6sy+7re0YXya+K1cem3on9XgdT2EQGMu4hQyZhan7TeQ8XkGp4Q=="],

    "@esbuild/linux-ia32": ["@esbuild/linux-ia32@0.21.5", "", { "os": "linux", "cpu": "ia32" }, "sha512-YvjXDqLRqPDl2dvRODYmmhz4rPeVKYvppfGYKSNGdyZkA01046pLWyRKKI3ax8fbJoK5QbxblURkwK/MWY18Tg=="],

    "@esbuild/linux-loong64": ["@esbuild/linux-loong64@0.21.5", "", { "os": "linux", "cpu": "none" }, "sha512-uHf1BmMG8qEvzdrzAqg2SIG/02+4/DHB6a9Kbya0XDvwDEKCoC8ZRWI5JJvNdUjtciBGFQ5PuBlpEOXQj+JQSg=="],

    "@esbuild/linux-mips64el": ["@esbuild/linux-mips64el@0.21.5", "", { "os": "linux", "cpu": "none" }, "sha512-IajOmO+KJK23bj52dFSNCMsz1QP1DqM6cwLUv3W1QwyxkyIWecfafnI555fvSGqEKwjMXVLokcV5ygHW5b3Jbg=="],

    "@esbuild/linux-ppc64": ["@esbuild/linux-ppc64@0.21.5", "", { "os": "linux", "cpu": "ppc64" }, "sha512-1hHV/Z4OEfMwpLO8rp7CvlhBDnjsC3CttJXIhBi+5Aj5r+MBvy4egg7wCbe//hSsT+RvDAG7s81tAvpL2XAE4w=="],

    "@esbuild/linux-riscv64": ["@esbuild/linux-riscv64@0.21.5", "", { "os": "linux", "cpu": "none" }, "sha512-2HdXDMd9GMgTGrPWnJzP2ALSokE/0O5HhTUvWIbD3YdjME8JwvSCnNGBnTThKGEB91OZhzrJ4qIIxk/SBmyDDA=="],

    "@esbuild/linux-s390x": ["@esbuild/linux-s390x@0.21.5", "", { "os": "linux", "cpu": "s390x" }, "sha512-zus5sxzqBJD3eXxwvjN1yQkRepANgxE9lgOW2qLnmr8ikMTphkjgXu1HR01K4FJg8h1kEEDAqDcZQtbrRnB41A=="],

    "@esbuild/linux-x64": ["@esbuild/linux-x64@0.21.5", "", { "os": "linux", "cpu": "x64" }, "sha512-1rYdTpyv03iycF1+BhzrzQJCdOuAOtaqHTWJZCWvijKD2N5Xu0TtVC8/+1faWqcP9iBCWOmjmhoH94dH82BxPQ=="],

    "@esbuild/netbsd-x64": ["@esbuild/netbsd-x64@0.21.5", "", { "os": "none", "cpu": "x64" }, "sha512-Woi2MXzXjMULccIwMnLciyZH4nCIMpWQAs049KEeMvOcNADVxo0UBIQPfSmxB3CWKedngg7sWZdLvLczpe0tLg=="],

    "@esbuild/openbsd-x64": ["@esbuild/openbsd-x64@0.21.5", "", { "os": "openbsd", "cpu": "x64" }, "sha512-HLNNw99xsvx12lFBUwoT8EVCsSvRNDVxNpjZ7bPn947b8gJPzeHWyNVhFsaerc0n3TsbOINvRP2byTZ5LKezow=="],

    "@esbuild/sunos-x64": ["@esbuild/sunos-x64@0.21.5", "", { "os": "sunos", "cpu": "x64" }, "sha512-6+gjmFpfy0BHU5Tpptkuh8+uw3mnrvgs+dSPQXQOv3ekbordwnzTVEb4qnIvQcYXq6gzkyTnoZ9dZG+D4garKg=="],

    "@esbuild/win32-arm64": ["@esbuild/win32-arm64@0.21.5", "", { "os": "win32", "cpu": "arm64" }, "sha512-Z0gOTd75VvXqyq7nsl93zwahcTROgqvuAcYDUr+vOv8uHhNSKROyU961kgtCD1e95IqPKSQKH7tBTslnS3tA8A=="],

    "@esbuild/win32-ia32": ["@esbuild/win32-ia32@0.21.5", "", { "os": "win32", "cpu": "ia32" }, "sha512-SWXFF1CL2RVNMaVs+BBClwtfZSvDgtL//G/smwAc5oVK/UPu2Gu9tIaRgFmYFFKrmg3SyAjSrElf0TiJ1v8fYA=="],

    "@esbuild/win32-x64": ["@esbuild/win32-x64@0.21.5", "", { "os": "win32", "cpu": "x64" }, "sha512-tQd/1efJuzPC6rCFwEvLtci/xNFcTZknmXs98FYDfGE4wP9ClFV98nyKrzJKVPMhdDnjzLhdUyMX4PsQAPjwIw=="],

    "@jridgewell/sourcemap-codec": ["@jridgewell/sourcemap-codec@1.5.5", "", {}, "sha512-cYQ9310grqxueWbl+WuIUIaiUaDcj7WOq5fVhEljNVgRfOUhY9fy2zTvfoqWsnebh8Sl70VScFbICvJnLKB0Og=="],

    "@laqi/config": ["@laqi/config@workspace:packages/config"],

    "@laqi/core": ["@laqi/core@workspace:packages/core"],

    "@laqi/schema": ["@laqi/schema@workspace:packages/schema"],

    "@laqi/server": ["@laqi/server@workspace:packages/server"],

    "@napi-rs/lzma-linux-x64-gnu": ["@napi-rs/lzma-linux-x64-gnu@1.5.1", "", { "os": "linux", "cpu": "x64" }, "sha512-oTXEIha4SsuXdTA4Iyskj0kpdx2yVXdhd75c2v3xGrHFfVMsbhTPZU/nMPL4sWKo4pBHm3aucLaqGlF696dTyQ=="],

    "@oxfmt/darwin-arm64": ["@oxfmt/darwin-arm64@0.19.0", "", { "os": "darwin", "cpu": "arm64" }, "sha512-FfNpn3ximwbBZCaS8WL2vAXcFuQFQgvv/brO6D1WdmL4pnFOgfBIpFfkeFnKfdmdpxtg9O0wF8NTcdw5Iyl2Bg=="],

    "@oxfmt/darwin-x64": ["@oxfmt/darwin-x64@0.19.0", "", { "os": "darwin", "cpu": "x64" }, "sha512-31FWUHAgTdTzOslz0zoA60UDEdeZZpeM6wTzCdffetwLbHkK8ZuCuzd+DauHZPNlSU8G72iw4lF7Zve9pSkK9w=="],

    "@oxfmt/linux-arm64-gnu": ["@oxfmt/linux-arm64-gnu@0.19.0", "", { "os": "linux", "cpu": "arm64" }, "sha512-BkU9h39xKj/8uko82uFDJUharM8VxZO+uXKglpBnEC8XxWRzXocVCX4wpLT/Tfk4NyBy6fRM9DeISdZvQKZCjA=="],

    "@oxfmt/linux-arm64-musl": ["@oxfmt/linux-arm64-musl@0.19.0", "", { "os": "linux", "cpu": "arm64" }, "sha512-wWYk6Z/3iC+0zZAUkVCcEHui/IsUqsl+GEm9o6H7oARPLisXajbwCQcmqYslUD7eK6OXdYoWriBkEvSX/5dU4A=="],

    "@oxfmt/linux-x64-gnu": ["@oxfmt/linux-x64-gnu@0.19.0", "", { "os": "linux", "cpu": "x64" }, "sha512-EB/b3or437E3uDie8QxeU3eA502JcmR1koyIBcH9rFidY0cMik58xvw54tXCY3WpMRxEXf37aHZzUSDP3qJnZg=="],

    "@oxfmt/linux-x64-musl": ["@oxfmt/linux-x64-musl@0.19.0", "", { "os": "linux", "cpu": "x64" }, "sha512-htMB45orYoa1oFSjSmoGgcBDsD47/0joDfqpa8TrTDI5qsW5kAedpFR5wSce8Is9oj7SJ07omhOj96P/QiekWA=="],

    "@oxfmt/win32-arm64": ["@oxfmt/win32-arm64@0.19.0", "", { "os": "win32", "cpu": "arm64" }, "sha512-x7+3Eh/VWdXEda+BUmAKYlhGrRJVera7RfWw47Yx8PJUGtNqBfeYGDbf0W59ceK8Z3bY3OinrmOO3d1jOuXzMQ=="],

    "@oxfmt/win32-x64": ["@oxfmt/win32-x64@0.19.0", "", { "os": "win32", "cpu": "x64" }, "sha512-X+FKXBg2jx4CxF5SJs3xpx1msMw5JfxaGD5qBZYqlHGdryQsy6zUY+bQwDDcuy3Ic/WNGD8ZNEuggeYNE7jx/Q=="],

    "@oxlint/binding-android-arm-eabi": ["@oxlint/binding-android-arm-eabi@1.80.0", "", { "os": "android", "cpu": "arm" }, "sha512-RM3Plj+biQpxa5d1GOOX6ciDlcUROmm4OZ/pLTpitkQt2mJv4jhtY4cbgaetOm5UKWZe05/TGQ6o1Vl8EOHkrA=="],

    "@oxlint/binding-android-arm64": ["@oxlint/binding-android-arm64@1.80.0", "", { "os": "android", "cpu": "arm64" }, "sha512-YlO5JEf0Yr2bUUlu8O8daVcUxtcGGbcSmyV7E7nSbJbfAdxTE0PFPwgnIlw7wXJaTYjb+qs5hI5q3jxUkI7cAw=="],

    "@oxlint/binding-darwin-arm64": ["@oxlint/binding-darwin-arm64@1.80.0", "", { "os": "darwin", "cpu": "arm64" }, "sha512-BULDOyO3AhsmdWfQeIUCykDt3dd7XZBGLhp1eIh56skRv01O+cNjNPwXMIbeW1x4+pxcln5if72wcRgViVo7PA=="],

    "@oxlint/binding-darwin-x64": ["@oxlint/binding-darwin-x64@1.80.0", "", { "os": "darwin", "cpu": "x64" }, "sha512-YJ4JzLw7N5TDSQFlA0hAQGHvnDZgyypm1yunObVWcWiF9KM7eGCJKYKLgTC2Fi/57OdnBhbj4OkzPGdFQJ6HyA=="],

    "@oxlint/binding-freebsd-x64": ["@oxlint/binding-freebsd-x64@1.80.0", "", { "os": "freebsd", "cpu": "x64" }, "sha512-AYUIk5QnL0s8oWAYsREZwkRYy1SupJTXALo93J1TgzHywxQtdM99FecRMQ87MXEdPQ0j1TmEpeeq3fGNkpvMqg=="],

    "@oxlint/binding-linux-arm-gnueabihf": ["@oxlint/binding-linux-arm-gnueabihf@1.80.0", "", { "os": "linux", "cpu": "arm" }, "sha512-9hBZVANupQ89W9dXyE0n8doCyaW5pDyGn3y6XlIMPZ+rIKuyqkr3SNUXmVJIhuvUq0NBU3RBiSXXE69l4XI6KA=="],

    "@oxlint/binding-linux-arm-musleabihf": ["@oxlint/binding-linux-arm-musleabihf@1.80.0", "", { "os": "linux", "cpu": "arm" }, "sha512-SvS2uKqzY+pbfuvAHzH4338R6Zwo805GAwrIMVvK1KxoOWCIjZUdfzTCvilD7z6JK91v011+zYMryabhDo2AsQ=="],

    "@oxlint/binding-linux-arm64-gnu": ["@oxlint/binding-linux-arm64-gnu@1.80.0", "", { "os": "linux", "cpu": "arm64" }, "sha512-tCLadyqRVL3pQTRPNg7cjXKvcvS4fbyXeQHhKk5BTJ1oftQln5/yIIWbu/Xom/DX41zv2P9QGt6+D/TtQVtY3A=="],

    "@oxlint/binding-linux-arm64-musl": ["@oxlint/binding-linux-arm64-musl@1.80.0", "", { "os": "linux", "cpu": "arm64" }, "sha512-XfpCNRlOPcLlJl4Bn/FUhjqlR6BVavEykERBf/MV7YA9VZDa5g5znVqYhyviMafcxS9Pe/i/kPvHNO0U6svEHQ=="],

    "@oxlint/binding-linux-ppc64-gnu": ["@oxlint/binding-linux-ppc64-gnu@1.80.0", "", { "os": "linux", "cpu": "ppc64" }, "sha512-3I4yMwcFG9NeO8ioY6JBBuKsIm5GL/x7MATt1S4tVWaxPu5HcJ+XnLUbcVBTxG8q2Wu56HSj+NmXQiVYb1lp6A=="],

    "@oxlint/binding-linux-riscv64-gnu": ["@oxlint/binding-linux-riscv64-gnu@1.80.0", "", { "os": "linux", "cpu": "none" }, "sha512-E1wAKymkpe1/E8helzBKdm81OBOF+ezxRyXRMEuik3ZpWDER5CPOKZwF66RsdwW98uwZv8UTFremUQtC1CzdJA=="],

    "@oxlint/binding-linux-riscv64-musl": ["@oxlint/binding-linux-riscv64-musl@1.80.0", "", { "os": "linux", "cpu": "none" }, "sha512-+gLRGD4sIo3+VA++iham5UxD9tKSoJ/VOrROCEXIcknrYtQg6iIQgvjN0cpiRF7N6UYC7pJbvHJlDnMge5LRpQ=="],

    "@oxlint/binding-linux-s390x-gnu": ["@oxlint/binding-linux-s390x-gnu@1.80.0", "", { "os": "linux", "cpu": "s390x" }, "sha512-aR0PrzHj9leW3NmzBAAP4EzdoBNoJcs9sjnIQPIwyRnBGYrRbXUIpEB5Q39AqK3PLY5JK5uEhDQDiUa1QSAstw=="],

    "@oxlint/binding-linux-x64-gnu": ["@oxlint/binding-linux-x64-gnu@1.80.0", "", { "os": "linux", "cpu": "x64" }, "sha512-vSVh5cSo3Xxs6ghBCcFJlpbkbENzDog1qXtoXLa/HC3aCrR4XO76GZbXmQoCPHnu99nQpdCeC3H9tdNICfDh7A=="],

    "@oxlint/binding-linux-x64-musl": ["@oxlint/binding-linux-x64-musl@1.80.0", "", { "os": "linux", "cpu": "x64" }, "sha512-FfzBXpNQ8u7/ZI/p8bl73MeZ508Ax3hxWp3SiJpEFiC+BB9XcXy5FAZHTLKDPSzrUpxQZSZJAVdDmuJp/+HDBQ=="],

    "@oxlint/binding-openharmony-arm64": ["@oxlint/binding-openharmony-arm64@1.80.0", "", { "os": "none", "cpu": "arm64" }, "sha512-zMzbkumtmprCgRwoYNzcB3iC39fXdJIMLMU33KdCjEGLlJGOEt1+LwQ4LF8ndLzAEKVz4BR0y3V6Xrkk3Nm3yA=="],

    "@oxlint/binding-win32-arm64-msvc": ["@oxlint/binding-win32-arm64-msvc@1.80.0", "", { "os": "win32", "cpu": "arm64" }, "sha512-ib6iRcrXsk4t1fm3iKcwksyWh1ZkZXC/2mEzakl0ai2+6HZunf1WWMZ/xP9EJAvw9g9K4UVTC3NF/+G2qLrbTQ=="],

    "@oxlint/binding-win32-ia32-msvc": ["@oxlint/binding-win32-ia32-msvc@1.80.0", "", { "os": "win32", "cpu": "ia32" }, "sha512-xhRWBMpLxZvgKAH6+DJZmpP+W8Y8UdQOSU1JfxSWNXsaBaRGW77j+1hCuNHlzj7OH4SPN8fYd1q0o2qrDtoVyw=="],

    "@oxlint/binding-win32-x64-msvc": ["@oxlint/binding-win32-x64-msvc@1.80.0", "", { "os": "win32", "cpu": "x64" }, "sha512-yAnO7lwBYQnz2pcfBPIGQQZWIX5zd5R/1aAKIF3oE+TVj7IhoHcROjOkz3sRDngzqhfPKfFaXqug5j5rE5dn6Q=="],

    "@rollup/rollup-android-arm-eabi": ["@rollup/rollup-android-arm-eabi@4.62.5", "", { "os": "android", "cpu": "arm" }, "sha512-jfkGfTwhQpsiSckPF8r9bU3pn3vyd72NlWaO+TgEO6WPSDnUhXzrNYCHBMOYj0ACaUgjm6eERLF+XV9a6RstoA=="],

    "@rollup/rollup-android-arm64": ["@rollup/rollup-android-arm64@4.62.5", "", { "os": "android", "cpu": "arm64" }, "sha512-oGVqyQlxnrz9/ty89oHpU857VUHEl5/Xu4R2lS+aivCTrNnSsbiENzTnNaBsjxH0CNWGPhzHArOLFwo+oKXveA=="],

    "@rollup/rollup-darwin-arm64": ["@rollup/rollup-darwin-arm64@4.62.5", "", { "os": "darwin", "cpu": "arm64" }, "sha512-bW7B8xMEq8n99Q3ieEcPRGuphurdZAaFzQc9Efyyw3FL6DZO6pMy9xhdN+kBoD7Sy05xNXSr4OyPPnpkYriS/A=="],

    "@rollup/rollup-darwin-x64": ["@rollup/rollup-darwin-x64@4.62.5", "", { "os": "darwin", "cpu": "x64" }, "sha512-YSwBS86QeHOGlrxJ1PSOIZSkzRL/JmKeunhc+lV6M1a6En8QuVCD/T/qIA0J4Gd2Y86RIOBYrLcOUtqGh9+/1w=="],

    "@rollup/rollup-freebsd-arm64": ["@rollup/rollup-freebsd-arm64@4.62.5", "", { "os": "freebsd", "cpu": "arm64" }, "sha512-2fST8lILgl7cKbme/1KDdPCmbXbG+gqoV3bHp19L0ypX/3akYMBVdOunPleRCwonoLnXOZ/0F+Mt/v8POFmfcQ=="],

    "@rollup/rollup-freebsd-x64": ["@rollup/rollup-freebsd-x64@4.62.5", "", { "os": "freebsd", "cpu": "x64" }, "sha512-cpIxQCP9J+EVad0a6LO1kY3ZGODlk80VlI+2I96B8xMcdHZ4pLVhfQ49JFpYqjPF91FFkQWftf57YlDcTiw9yQ=="],

    "@rollup/rollup-linux-arm-gnueabihf": ["@rollup/rollup-linux-arm-gnueabihf@4.62.5", "", { "os": "linux", "cpu": "arm" }, "sha512-r9fGh3eFs3e/udWh5ZjXQtxiYK/xoFxQaYR/cELxac/Udkl5Th+IsFm0CX3Kl9hmUH/we7EoMpjJgeQNnE0+IA=="],

    "@rollup/rollup-linux-arm-musleabihf": ["@rollup/rollup-linux-arm-musleabihf@4.62.5", "", { "os": "linux", "cpu": "arm" }, "sha512-xdvFdp7OM6KLJviJT2g/YuRSUjnZgGHk4RNgwIbN7X6cPugOucV60DdHXWzsBVCUdrGb6qSXnJQrrAKMmQuj3Q=="],

    "@rollup/rollup-linux-arm64-gnu": ["@rollup/rollup-linux-arm64-gnu@4.62.5", "", { "os": "linux", "cpu": "arm64" }, "sha512-rRqILAndyzHzP7T9NFQrq+4HFWNhqkqkKur7eiBpfLmz01PO0JKx5Vchu3YllE4YXI/Ftgq/szrDWg5GJ0mI8g=="],

    "@rollup/rollup-linux-arm64-musl": ["@rollup/rollup-linux-arm64-musl@4.62.5", "", { "os": "linux", "cpu": "arm64" }, "sha512-Gf4X3qVMucayUvux6aXXPgXovocSFUC0rrffDuPI/S2nHhNMhjcZxsrAFYCOF350PRreW1XwzFj3CT/3bKsWCw=="],

    "@rollup/rollup-linux-loong64-gnu": ["@rollup/rollup-linux-loong64-gnu@4.62.5", "", { "os": "linux", "cpu": "none" }, "sha512-+s5qA0TNM0qm8PK/a5gt/1Hpx+NV08uSuCncvhziIlQzT6AEV2fnUQo7eBtFTFO0nA9scauvoR2HusfXmQnO4w=="],

    "@rollup/rollup-linux-loong64-musl": ["@rollup/rollup-linux-loong64-musl@4.62.5", "", { "os": "linux", "cpu": "none" }, "sha512-ybb6QvWwWJCbBWqERpc8K3pYVGIrXlG8MEQ8IIuJY6Y9KdHQxoFoNyfkAOtKn1VHu3KuLidXvwrvGR1mEjeWCw=="],

    "@rollup/rollup-linux-ppc64-gnu": ["@rollup/rollup-linux-ppc64-gnu@4.62.5", "", { "os": "linux", "cpu": "ppc64" }, "sha512-nZb1DtnOyhCmYvsC8A2CwOkopVg+IS1+fPUa7rMOAXtNw5+lLCLLPqd6XAiNrGtoQKsbvIBOwsHnBH/3wnb4HQ=="],

    "@rollup/rollup-linux-ppc64-musl": ["@rollup/rollup-linux-ppc64-musl@4.62.5", "", { "os": "linux", "cpu": "ppc64" }, "sha512-yMbj63Sp89ryrXLWyz+sy+fYD2HpOnMCLGbe4Oa1smclFSUukdtD/BgdiHaAetJNb74URD8U4hM+qG5KVzMEkg=="],

    "@rollup/rollup-linux-riscv64-gnu": ["@rollup/rollup-linux-riscv64-gnu@4.62.5", "", { "os": "linux", "cpu": "none" }, "sha512-mhoan3OJw2kYV/e1jtIdmvUZgyBFeA6zGWsOswmR0Tg19TQbowZuR+JMLID6spbbBN7Zee2ejrgmy3+FxGrIdA=="],

    "@rollup/rollup-linux-riscv64-musl": ["@rollup/rollup-linux-riscv64-musl@4.62.5", "", { "os": "linux", "cpu": "none" }, "sha512-5ZTLmjWbb1VZdjuyhe83K/8QO0/h11midQCBP+X5OYn32ra7eOBoM0ZqtaY4nkgNsYgmdVhMYPoyVPTjUpHf3w=="],

    "@rollup/rollup-linux-s390x-gnu": ["@rollup/rollup-linux-s390x-gnu@4.62.5", "", { "os": "linux", "cpu": "s390x" }, "sha512-m53kG+br6PGxOTmgBEM2DHSDs9RVjsyEbUwjJPJGTFm1grWOG8EKJggDCTb60unD4Tjby8fi7/m9XfkEWasVWg=="],

    "@rollup/rollup-linux-x64-gnu": ["@rollup/rollup-linux-x64-gnu@4.62.5", "", { "os": "linux", "cpu": "x64" }, "sha512-6RHPJR1g/uvdYU8uXBnfq3nlqyZCP82Fr6NHgfGoaIeSh0YEqnX/x6uA9MmJJbnSH7swqX4F+CkGdUF+6doiQA=="],

    "@rollup/rollup-linux-x64-musl": ["@rollup/rollup-linux-x64-musl@4.62.5", "", { "os": "linux", "cpu": "x64" }, "sha512-xs+OXQtEXgpXT0DmA5+U3qnRZHdCST/5HRQxS8wSPZTUZN/EMWeHuSIod32LQklTBZBV9DyfncKBQ8n5V3eFdw=="],

    "@rollup/rollup-openbsd-x64": ["@rollup/rollup-openbsd-x64@4.62.5", "", { "os": "openbsd", "cpu": "x64" }, "sha512-e7hD+sl3s+mcLQDZ8pbudBVsdG6r5yN4w3LqG2TJ8sQHDpblWj5lrJs/3m01Cvlxbt4x13zu5thLjgypgtkYzw=="],

    "@rollup/rollup-openharmony-arm64": ["@rollup/rollup-openharmony-arm64@4.62.5", "", { "os": "none", "cpu": "arm64" }, "sha512-GiyJaCf+WpMub/17aPcKk27QMl5W6f+KhdPTjlFOn5akH5Wa/DCM9Stdx5cDfmasyKB08MqpVQ1uJE2RkkpbXg=="],

    "@rollup/rollup-win32-arm64-msvc": ["@rollup/rollup-win32-arm64-msvc@4.62.5", "", { "os": "win32", "cpu": "arm64" }, "sha512-+OQ8U2DdoEfXl8T4Fb18AjmEwbXMerKDKCL8yCPAYhKCEEKoul7rkbeGCBFCbAlaGaa7pmtRTpkAJM2LE/i5FA=="],

    "@rollup/rollup-win32-ia32-msvc": ["@rollup/rollup-win32-ia32-msvc@4.62.5", "", { "os": "win32", "cpu": "ia32" }, "sha512-KanvAZrPKbDBFwrgiU9yEVpQoox9QPV1WZOXX7HudJQY+eSlu82CtWxDU8WtuRRvtN5EGkLczkd6Y6DTcvm9wA=="],

    "@rollup/rollup-win32-x64-gnu": ["@rollup/rollup-win32-x64-gnu@4.62.5", "", { "os": "win32", "cpu": "x64" }, "sha512-1aC3UEWTtRl3RK3VpDJ/Tqk1XI4SLTmXIthAq6wRWo8XiSXJNd+VprJM4/1P4+i6HIaFEFlVi9sTTziniD2tOQ=="],

    "@rollup/rollup-win32-x64-msvc": ["@rollup/rollup-win32-x64-msvc@4.62.5", "", { "os": "win32", "cpu": "x64" }, "sha512-/gDJaRs4gl0NPIwqCz+6PkpmhhjRAD2j6P4rSNHBzUkO3naEx2mIU0pRle1vUNRQ7mE/+8OOeXLTv/J56FKiQg=="],

    "@turbo/darwin-64": ["@turbo/darwin-64@2.10.11", "", { "os": "darwin", "cpu": "x64" }, "sha512-v3R+1R/Ysozyo+p7Ri8MCIbndOvYt3DgPFrGLhrhQHfvyvbxyH3WyJj+A/2JTNmNleuAlh3JUyCV0iSVHIONTA=="],

    "@turbo/darwin-arm64": ["@turbo/darwin-arm64@2.10.11", "", { "os": "darwin", "cpu": "arm64" }, "sha512-R0a0CvGAeYYsBgPIgFNB3agGXh6qukjduNhFlwVVX1Ss2IdBJLXmgjytNGmo084bLKS0B6UdLRwKhXMHKKaObQ=="],

    "@turbo/linux-64": ["@turbo/linux-64@2.10.11", "", { "os": [ "linux", "android", ], "cpu": "x64" }, "sha512-dGlY2vg7jpsLjGS1bf9sD/cw1sGMAYbeHGQKGRFxd5Zaj+Ufbj8cNXl/vIit8ueCU97zhL/znn60ZV5iSfZAxw=="],

    "@turbo/linux-arm64": ["@turbo/linux-arm64@2.10.11", "", { "os": [ "linux", "android", ], "cpu": "arm64" }, "sha512-eSP9+jjsSCBs2x0QpJZlp49dSD1EIMwXH7PsMIhdWk7w6IThhuKJ+jL95JQ2IW7tRjRmdh8gKcKQtrHLD5R5lA=="],

    "@turbo/windows-64": ["@turbo/windows-64@2.10.11", "", { "os": "win32", "cpu": "x64" }, "sha512-4aD7edogJ8arK8DOyvjTI2KKwmchD5M/WM4BZgidrtFf7aSgn8Ce2rJnDwmriw980c2cKlHnhXtlGy38VtKB8g=="],

    "@turbo/windows-arm64": ["@turbo/windows-arm64@2.10.11", "", { "os": "win32", "cpu": "arm64" }, "sha512-m8tJkIrTrbQ9O1uHxV0GUq623Zg1678xGna8eMsy4KbygUX/wVFgdZDYV/AxyoyaW/U7nyKoBvaDVwm22p9xqA=="],

    "@types/bun": ["@types/bun@1.4.0", "", { "dependencies": { "bun-types": "1.4.0" } }, "sha512-K+lZULY23vRgK/CfTjFIV+tyifaNdSMlPh9j+6mQ/cLfpOznLyAuzgV/JQysyECpkBQLVMSyvjlr2fBUSA9wFQ=="],

    "@types/estree": ["@types/estree@1.0.9", "", {}, "sha512-GhdPgy1el4/ImP05X05Uw4cw2/M93BCUmnEvWZNStlCzEKME4Fkk+YpoA5OiHNQmoS7Cafb8Xa3Pya8m1Qrzeg=="],

    "@types/node": ["@types/node@26.2.0", "", { "dependencies": { "undici-types": "~8.3.0" } }, "sha512-5IviulTZeRNp2vAJ514cc/HUlY5nZ9fCbq9DMyC52BrhFZACo3nI0R7qBxhQmo/d27NFe96ur/b7Wwxklda+kg=="],

    "@vitest/expect": ["@vitest/expect@2.1.9", "", { "dependencies": { "@vitest/spy": "2.1.9", "@vitest/utils": "2.1.9", "chai": "^5.1.2", "tinyrainbow": "^1.2.0" } }, "sha512-UJCIkTBenHeKT1TTlKMJWy1laZewsRIzYighyYiJKZreqtdxSos/S1t+ktRMQWu2CKqaarrkeszJx1cgC5tGZw=="],

    "@vitest/mocker": ["@vitest/mocker@2.1.9", "", { "dependencies": { "@vitest/spy": "2.1.9", "estree-walker": "^3.0.3", "magic-string": "^0.30.12" }, "peerDependencies": { "msw": "^2.4.9", "vite": "^5.0.0" }, "optionalPeers": ["msw", "vite"] }, "sha512-tVL6uJgoUdi6icpxmdrn5YNo3g3Dxv+IHJBr0GXHaEdTcw3F+cPKnsXFhli6nO+f/6SDKPHEK1UN+k+TQv0Ehg=="],

    "@vitest/pretty-format": ["@vitest/pretty-format@2.1.9", "", { "dependencies": { "tinyrainbow": "^1.2.0" } }, "sha512-KhRIdGV2U9HOUzxfiHmY8IFHTdqtOhIzCpd8WRdJiE7D/HUcZVD0EgQCVjm+Q9gkUXWgBvMmTtZgIG48wq7sOQ=="],

    "@vitest/runner": ["@vitest/runner@2.1.9", "", { "dependencies": { "@vitest/utils": "2.1.9", "pathe": "^1.1.2" } }, "sha512-ZXSSqTFIrzduD63btIfEyOmNcBmQvgOVsPNPe0jYtESiXkhd8u2erDLnMxmGrDCwHCCHE7hxwRDCT3pt0esT4g=="],

    "@vitest/snapshot": ["@vitest/snapshot@2.1.9", "", { "dependencies": { "@vitest/pretty-format": "2.1.9", "magic-string": "^0.30.12", "pathe": "^1.1.2" } }, "sha512-oBO82rEjsxLNJincVhLhaxxZdEtV0EFHMK5Kmx5sJ6H9L183dHECjiefOAdnqpIgT5eZwT04PoggUnW88vOBNQ=="],

    "@vitest/spy": ["@vitest/spy@2.1.9", "", { "dependencies": { "tinyspy": "^3.0.2" } }, "sha512-E1B35FwzXXTs9FHNK6bDszs7mtydNi5MIfUWpceJ8Xbfb1gBMscAnwLbEu+B44ed6W3XjL9/ehLPHR1fkf1KLQ=="],

    "@vitest/utils": ["@vitest/utils@2.1.9", "", { "dependencies": { "@vitest/pretty-format": "2.1.9", "loupe": "^3.1.2", "tinyrainbow": "^1.2.0" } }, "sha512-v0psaMSkNJ3A2NMrUEHFRzJtDPFn+/VWZ5WxImB21T9fjucJRmS7xCS3ppEnARb9y11OAzaD+P2Ps+b+BGX5iQ=="],

    "assertion-error": ["assertion-error@2.0.1", "", {}, "sha512-Izi8RQcffqCeNVgFigKli1ssklIbpHnCYc6AknXGYoB6grJqyeby7jv12JUQgmTAnIDnbck1uxksT4dzN3PWBA=="],

    "bun-types": ["bun-types@1.4.0", "", { "dependencies": { "@types/node": "*" } }, "sha512-iIKw23BspnQQYd3prITOBxeUsxBHnwzX6YJfGMuNOZzeNcMmVqzIIVGRm1l69ogaPQmb4wB6BN8mA5bE9YuC5Q=="],

    "cac": ["cac@6.7.14", "", {}, "sha512-b6Ilus+c3RrdDk+JhLKUAQfzzgLEPy6wcXqS7f/xe1EETvsDP6GORG7SFuOs6cID5YkqchW/LXZbX5bc8j7ZcQ=="],

    "chai": ["chai@5.3.3", "", { "dependencies": { "assertion-error": "^2.0.1", "check-error": "^2.1.1", "deep-eql": "^5.0.1", "loupe": "^3.1.0", "pathval": "^2.0.0" } }, "sha512-4zNhdJD/iOjSH0A05ea+Ke6MU5mmpQcbQsSOkgdaUMJ9zTlDTD/GYlwohmIE2u0gaxHYiVHEn1Fw9mZ/ktJWgw=="],

    "check-error": ["check-error@2.1.3", "", {}, "sha512-PAJdDJusoxnwm1VwW07VWwUN1sl7smmC3OKggvndJFadxxDRyFJBX/ggnu/KE4kQAB7a3Dp8f/YXC1FlUprWmA=="],

    "debug": ["debug@4.4.3", "", { "dependencies": { "ms": "^2.1.3" } }, "sha512-RGwwWnwQvkVfavKVt22FGLw+xYSdzARwm0ru6DhTVA3umU5hZc28V3kO4stgYryrTlLpuvgI9GiijltAjNbcqA=="],

    "deep-eql": ["deep-eql@5.0.2", "", {}, "sha512-h5k/5U50IJJFpzfL6nO9jaaumfjO/f2NjK/oYB2Djzm4p9L+3T9qWpZqZ2hAbLPuuYq9wrU08WQyBTL5GbPk5Q=="],

    "es-module-lexer": ["es-module-lexer@1.7.0", "", {}, "sha512-jEQoCwk8hyb2AZziIOLhDqpm5+2ww5uIE6lkO/6jcOCusfk6LhMHpXXfBLXTZ7Ydyt0j4VoUQv6uGNYbdW+kBA=="],

    "esbuild": ["esbuild@0.21.5", "", { "optionalDependencies": { "@esbuild/aix-ppc64": "0.21.5", "@esbuild/android-arm": "0.21.5", "@esbuild/android-arm64": "0.21.5", "@esbuild/android-x64": "0.21.5", "@esbuild/darwin-arm64": "0.21.5", "@esbuild/darwin-x64": "0.21.5", "@esbuild/freebsd-arm64": "0.21.5", "@esbuild/freebsd-x64": "0.21.5", "@esbuild/linux-arm": "0.21.5", "@esbuild/linux-arm64": "0.21.5", "@esbuild/linux-ia32": "0.21.5", "@esbuild/linux-loong64": "0.21.5", "@esbuild/linux-mips64el": "0.21.5", "@esbuild/linux-ppc64": "0.21.5", "@esbuild/linux-riscv64": "0.21.5", "@esbuild/linux-s390x": "0.21.5", "@esbuild/linux-x64": "0.21.5", "@esbuild/netbsd-x64": "0.21.5", "@esbuild/openbsd-x64": "0.21.5", "@esbuild/sunos-x64": "0.21.5", "@esbuild/win32-arm64": "0.21.5", "@esbuild/win32-ia32": "0.21.5", "@esbuild/win32-x64": "0.21.5" }, "bin": { "esbuild": "bin/esbuild" } }, "sha512-mg3OPMV4hXywwpoDxu3Qda5xCKQi+vCTZq8S9J/EpkhB2HzKXq4SNFZE3+NK93JYxc8VMSep+lOUSC/RVKaBqw=="],

    "estree-walker": ["estree-walker@3.0.3", "", { "dependencies": { "@types/estree": "^1.0.0" } }, "sha512-7RUKfXgSMMkzt6ZuXmqapOurLGPPfgj6l9uRZ7lRGolvk0y2yocc35LdcxKC5PQZdn2DMqioAQ2NoWcrTKmm6g=="],

    "expect-type": ["expect-type@1.4.0", "", {}, "sha512-KfYbmpRm0VbLjEvVa9yGwCi9GI34xvi7A/HXYWQO65CSD2u3MczUJSuwXKFIxlGsgBQizV9q5J9NHj4VG0n+pA=="],

    "fsevents": ["fsevents@2.3.3", "", { "os": "darwin" }, "sha512-5xoDfX+fL7faATnagmWPpbFtwh/R77WmMMqqHGS65C3vvB0YHrgF+B1YmZ3441tMj5n63k0212XNoJwzlhffQw=="],

    "hono": ["hono@4.12.3", "", {}, "sha512-SFsVSjp8sj5UumXOOFlkZOG6XS9SJDKw0TbwFeV+AJ8xlST8kxK5Z/5EYa111UY8732lK2S/xB653ceuaoGwpg=="],

    "loupe": ["loupe@3.2.1", "", {}, "sha512-CdzqowRJCeLU72bHvWqwRBBlLcMEtIvGrlvef74kMnV2AolS9Y8xUv1I0U/MNAWMhBlKIoyuEgoJ0t/bbwHbLQ=="],

    "magic-string": ["magic-string@0.30.21", "", { "dependencies": { "@jridgewell/sourcemap-codec": "^1.5.5" } }, "sha512-vd2F4YUyEXKGcLHoq+TEyCjxueSeHnFxyyjNp80yg0XV4vUhnDer/lvvlqM/arB5bXQN5K2/3oinyCRyx8T2CQ=="],

    "ms": ["ms@2.1.3", "", {}, "sha512-6FlzubTLZG3J2a/NVCAleEhjzq5oxgHyaCU9yYXvcLsvoVaHJq/s5xXI6/XXP6tz7R9xAOtHnSO/tXtF3WRTlA=="],

    "nanoid": ["nanoid@3.3.18", "", { "bin": { "nanoid": "bin/nanoid.cjs" } }, "sha512-DTg4MJbGMWkfi6VZFdNt2/caMbQy4Ou+Op/hJQvGEWcnVfoA1QA+xzRKAzw9jD6+GVOOeYr/mIcuDSdug6F6+w=="],

    "oxfmt": ["oxfmt@0.19.0", "", { "dependencies": { "tinypool": "2.0.0" }, "optionalDependencies": { "@oxfmt/darwin-arm64": "0.19.0", "@oxfmt/darwin-x64": "0.19.0", "@oxfmt/linux-arm64-gnu": "0.19.0", "@oxfmt/linux-arm64-musl": "0.19.0", "@oxfmt/linux-x64-gnu": "0.19.0", "@oxfmt/linux-x64-musl": "0.19.0", "@oxfmt/win32-arm64": "0.19.0", "@oxfmt/win32-x64": "0.19.0" }, "bin": { "oxfmt": "bin/oxfmt" } }, "sha512-tPTa3j4kXdJBzBRlK9wR0/Lnd4J21rzg29cRr/VVqqfvdhZs6M+Q6TkL+rxI/IQpq8ZY8L3c+KZvga/RgeuMsg=="],

    "oxlint": ["oxlint@1.80.0", "", { "optionalDependencies": { "@oxlint/binding-android-arm-eabi": "1.80.0", "@oxlint/binding-android-arm64": "1.80.0", "@oxlint/binding-darwin-arm64": "1.80.0", "@oxlint/binding-darwin-x64": "1.80.0", "@oxlint/binding-freebsd-x64": "1.80.0", "@oxlint/binding-linux-arm-gnueabihf": "1.80.0", "@oxlint/binding-linux-arm-musleabihf": "1.80.0", "@oxlint/binding-linux-arm64-gnu": "1.80.0", "@oxlint/binding-linux-arm64-musl": "1.80.0", "@oxlint/binding-linux-ppc64-gnu": "1.80.0", "@oxlint/binding-linux-riscv64-gnu": "1.80.0", "@oxlint/binding-linux-riscv64-musl": "1.80.0", "@oxlint/binding-linux-s390x-gnu": "1.80.0", "@oxlint/binding-linux-x64-gnu": "1.80.0", "@oxlint/binding-linux-x64-musl": "1.80.0", "@oxlint/binding-openharmony-arm64": "1.80.0", "@oxlint/binding-win32-arm64-msvc": "1.80.0", "@oxlint/binding-win32-ia32-msvc": "1.80.0", "@oxlint/binding-win32-x64-msvc": "1.80.0" }, "peerDependencies": { "oxlint-tsgolint": ">=7.0.2001", "vite-plus": "*" }, "optionalPeers": ["oxlint-tsgolint", "vite-plus"], "bin": { "oxlint": "bin/oxlint" } }, "sha512-5nTiSps4qdbCWLbxzuO00alHkEO2exR9YMN/ig6QXWrLsYSG0KaObOAM+l6oU2LcKPWoSAGYbkZIGEu1ViiWKA=="],

    "pathe": ["pathe@1.1.2", "", {}, "sha512-whLdWMYL2TwI08hn8/ZqAbrVemu0LNaNNJZX73O6qaIdCTfXutsLhMkjdENX0qhsQ9uIimo4/aQOmXkoon2nDQ=="],

    "pathval": ["pathval@2.0.1", "", {}, "sha512-//nshmD55c46FuFw26xV/xFAaB5HF9Xdap7HJBBnrKdAd6/GxDBaNA1870O79+9ueg61cZLSVc+OaFlfmObYVQ=="],

    "picocolors": ["picocolors@1.1.1", "", {}, "sha512-xceH2snhtb5M9liqDsmEw56le376mTZkEX/jEb/RxNFyegNul7eNslCXP9FDj/Lcu0X8KEyMceP2ntpaHrDEVA=="],

    "postcss": ["postcss@8.5.26", "", { "dependencies": { "nanoid": "^3.3.17", "picocolors": "^1.1.1", "source-map-js": "^1.2.1" } }, "sha512-u82N74LFzG8ca+dD8puPnplTXoGH4fTPpVGuIbt36G3qvNlkvfD0lEAZSxaly3KX8TS/L1A1gsCEmvKmBcVbkQ=="],

    "rollup": ["rollup@4.62.5", "", { "dependencies": { "@types/estree": "1.0.9" }, "optionalDependencies": { "@napi-rs/lzma-linux-x64-gnu": "1.5.1", "@rollup/rollup-android-arm-eabi": "4.62.5", "@rollup/rollup-android-arm64": "4.62.5", "@rollup/rollup-darwin-arm64": "4.62.5", "@rollup/rollup-darwin-x64": "4.62.5", "@rollup/rollup-freebsd-arm64": "4.62.5", "@rollup/rollup-freebsd-x64": "4.62.5", "@rollup/rollup-linux-arm-gnueabihf": "4.62.5", "@rollup/rollup-linux-arm-musleabihf": "4.62.5", "@rollup/rollup-linux-arm64-gnu": "4.62.5", "@rollup/rollup-linux-arm64-musl": "4.62.5", "@rollup/rollup-linux-loong64-gnu": "4.62.5", "@rollup/rollup-linux-loong64-musl": "4.62.5", "@rollup/rollup-linux-ppc64-gnu": "4.62.5", "@rollup/rollup-linux-ppc64-musl": "4.62.5", "@rollup/rollup-linux-riscv64-gnu": "4.62.5", "@rollup/rollup-linux-riscv64-musl": "4.62.5", "@rollup/rollup-linux-s390x-gnu": "4.62.5", "@rollup/rollup-linux-x64-gnu": "4.62.5", "@rollup/rollup-linux-x64-musl": "4.62.5", "@rollup/rollup-openbsd-x64": "4.62.5", "@rollup/rollup-openharmony-arm64": "4.62.5", "@rollup/rollup-win32-arm64-msvc": "4.62.5", "@rollup/rollup-win32-ia32-msvc": "4.62.5", "@rollup/rollup-win32-x64-gnu": "4.62.5", "@rollup/rollup-win32-x64-msvc": "4.62.5", "fsevents": "~2.3.2" }, "bin": { "rollup": "dist/bin/rollup" } }, "sha512-/tqMfgP7GPA3PHhCmuiS4vIjrSVhHLgY++i+dhbG462euyAj7FpM4D9uq1X3BgjlqRdpcOrYhcQtfiQLNc8tqw=="],

    "siginfo": ["siginfo@2.0.0", "", {}, "sha512-ybx0WO1/8bSBLEWXZvEd7gMW3Sn3JFlW3TvX1nREbDLRNQNaeNN8WK0meBwPdAaOI7TtRRRJn/Es1zhrrCHu7g=="],

    "source-map-js": ["source-map-js@1.2.1", "", {}, "sha512-UXWMKhLOwVKb728IUtQPXxfYU+usdybtUrK/8uGE8CQMvrhOpwvzDBwj0QhSL7MQc7vIsISBG8VQ8+IDQxpfQA=="],

    "stackback": ["stackback@0.0.2", "", {}, "sha512-1XMJE5fQo1jGH6Y/7ebnwPOBEkIEnT4QF32d5R1+VXdXveM0IBMJt8zfaxX1P3QhVwrYe+576+jkANtSS2mBbw=="],

    "std-env": ["std-env@3.10.0", "", {}, "sha512-5GS12FdOZNliM5mAOxFRg7Ir0pWz8MdpYm6AY6VPkGpbA7ZzmbzNcBJQ0GPvvyWgcY7QAhCgf9Uy89I03faLkg=="],

    "tinybench": ["tinybench@2.9.0", "", {}, "sha512-0+DUvqWMValLmha6lr4kD8iAMK1HzV0/aKnCtWb9v9641TnP/MFb7Pc2bxoxQjTXAErryXVgUOfv2YqNllqGeg=="],

    "tinyexec": ["tinyexec@0.3.2", "", {}, "sha512-KQQR9yN7R5+OSwaK0XQoj22pwHoTlgYqmUscPYoknOoWCWfj/5/ABTMRi69FrKU5ffPVh5QcFikpWJI/P1ocHA=="],

    "tinypool": ["tinypool@2.0.0", "", {}, "sha512-/RX9RzeH2xU5ADE7n2Ykvmi9ED3FBGPAjw9u3zucrNNaEBIO0HPSYgL0NT7+3p147ojeSdaVu08F6hjpv31HJg=="],

    "tinyrainbow": ["tinyrainbow@1.2.0", "", {}, "sha512-weEDEq7Z5eTHPDh4xjX789+fHfF+P8boiFB+0vbWzpbnbsEr/GRaohi/uMKxg8RZMXnl1ItAi/IUHWMsjDV7kQ=="],

    "tinyspy": ["tinyspy@3.0.2", "", {}, "sha512-n1cw8k1k0x4pgA2+9XrOkFydTerNcJ1zWCO5Nn9scWHTD+5tp8dghT2x1uduQePZTZgd3Tupf+x9BxJjeJi77Q=="],

    "turbo": ["turbo@2.10.11", "", { "optionalDependencies": { "@turbo/darwin-64": "2.10.11", "@turbo/darwin-arm64": "2.10.11", "@turbo/linux-64": "2.10.11", "@turbo/linux-arm64": "2.10.11", "@turbo/windows-64": "2.10.11", "@turbo/windows-arm64": "2.10.11" }, "bin": { "turbo": "bin/turbo" } }, "sha512-yQfwQVoRXwOuyX1LxiJFBFNg6VfuYh+/RyZLd82+isgyLkBXw3S5XRRzvcck1FAjSCG5sVyLd+O1eDMvYa3J7g=="],

    "typescript": ["typescript@5.9.3", "", { "bin": { "tsc": "bin/tsc", "tsserver": "bin/tsserver" } }, "sha512-jl1vZzPDinLr9eUt3J/t7V6FgNEw9QjvBPdysz9KfQDD41fQrC2Y4vKQdiaUpFT4bXlb1RHhLpp8wtm6M5TgSw=="],

    "undici-types": ["undici-types@8.3.0", "", {}, "sha512-j375ScV60dom+YkPFIfTLcOiPxkN/buHz5GobjLhixFuANaNs3C9l4GmrWqejgXWJ7BbJcFYpTEUkS1Ge8bpZQ=="],

    "vite": ["vite@5.4.21", "", { "dependencies": { "esbuild": "^0.21.3", "postcss": "^8.4.43", "rollup": "^4.20.0" }, "optionalDependencies": { "fsevents": "~2.3.3" }, "peerDependencies": { "@types/node": "^18.0.0 || >=20.0.0", "less": "*", "lightningcss": "^1.21.0", "sass": "*", "sass-embedded": "*", "stylus": "*", "sugarss": "*", "terser": "^5.4.0" }, "optionalPeers": ["@types/node", "less", "lightningcss", "sass", "sass-embedded", "stylus", "sugarss", "terser"], "bin": { "vite": "bin/vite.js" } }, "sha512-o5a9xKjbtuhY6Bi5S3+HvbRERmouabWbyUcpXXUA1u+GNUKoROi9byOJ8M0nHbHYHkYICiMlqxkg1KkYmm25Sw=="],

    "vite-node": ["vite-node@2.1.9", "", { "dependencies": { "cac": "^6.7.14", "debug": "^4.3.7", "es-module-lexer": "^1.5.4", "pathe": "^1.1.2", "vite": "^5.0.0" }, "bin": { "vite-node": "vite-node.mjs" } }, "sha512-AM9aQ/IPrW/6ENLQg3AGY4K1N2TGZdR5e4gu/MmmR2xR3Ll1+dib+nook92g4TV3PXVyeyxdWwtaCAiUL0hMxA=="],

    "vitest": ["vitest@2.1.9", "", { "dependencies": { "@vitest/expect": "2.1.9", "@vitest/mocker": "2.1.9", "@vitest/pretty-format": "^2.1.9", "@vitest/runner": "2.1.9", "@vitest/snapshot": "2.1.9", "@vitest/spy": "2.1.9", "@vitest/utils": "2.1.9", "chai": "^5.1.2", "debug": "^4.3.7", "expect-type": "^1.1.0", "magic-string": "^0.30.12", "pathe": "^1.1.2", "std-env": "^3.8.0", "tinybench": "^2.9.0", "tinyexec": "^0.3.1", "tinypool": "^1.0.1", "tinyrainbow": "^1.2.0", "vite": "^5.0.0", "vite-node": "2.1.9", "why-is-node-running": "^2.3.0" }, "peerDependencies": { "@edge-runtime/vm": "*", "@types/node": "^18.0.0 || >=20.0.0", "@vitest/browser": "2.1.9", "@vitest/ui": "2.1.9", "happy-dom": "*", "jsdom": "*" }, "optionalPeers": ["@edge-runtime/vm", "@types/node", "@vitest/browser", "@vitest/ui", "happy-dom", "jsdom"], "bin": { "vitest": "vitest.mjs" } }, "sha512-MSmPM9REYqDGBI8439mA4mWhV5sKmDlBKWIYbA3lRb2PTHACE0mgKwA8yQ2xq9vxDTuk4iPrECBAEW2aoFXY0Q=="],

    "why-is-node-running": ["why-is-node-running@2.3.0", "", { "dependencies": { "siginfo": "^2.0.0", "stackback": "0.0.2" }, "bin": { "why-is-node-running": "cli.js" } }, "sha512-hUrmaWBdVDcxvYqnyh09zunKzROWjbZTiNy8dBEjkS7ehEDQibXJ7XvlmtbwuTclUiIyN+CyXQD4Vmko8fNm8w=="],

    "zod": ["zod@4.3.6", "", {}, "sha512-rftlrkhHZOcjDwkGlnUtZZkvaPHCsDATp4pGpuOOMDaTdDDXF91wuVDJoWoPsKX/3YPQ5fHuF3STjcYyKr+Qhg=="],

    "vitest/tinypool": ["tinypool@1.1.1", "", {}, "sha512-Zba82s87IFq9A9XmjiX5uZA/ARWDrB03OHlq+Vw1fSdt0I+4/Kutwy8BP4Y/y/aORMo61FQ0vIb5j44vSo5Pkg=="],
  }
}
